// !$*UTF8*$!
{
	archiveVersion = 1;
	classes = {
	};
	objectVersion = 50;
	objects = {

/* Begin PBXBuildFile section */
		274E03CA21F747CB00EB9C9D /* AppDelegate.swift in Sources */ = {isa = PBXBuildFile; fileRef = 274E03C921F747CB00EB9C9D /* AppDelegate.swift */; };
		274E03CC21F747CB00EB9C9D /* ViewController.swift in Sources */ = {isa = PBXBuildFile; fileRef = 274E03CB21F747CB00EB9C9D /* ViewController.swift */; };
		274E03CF21F747CB00EB9C9D /* Main.storyboard in Resources */ = {isa = PBXBuildFile; fileRef = 274E03CD21F747CB00EB9C9D /* Main.storyboard */; };
		274E03D121F747D600EB9C9D /* Assets.xcassets in Resources */ = {isa = PBXBuildFile; fileRef = 274E03D021F747D600EB9C9D /* Assets.xcassets */; };
		274E03D421F747D600EB9C9D /* LaunchScreen.storyboard in Resources */ = {isa = PBXBuildFile; fileRef = 274E03D221F747D600EB9C9D /* LaunchScreen.storyboard */; };
		274E03DF21F747D600EB9C9D /* sampleTests.swift in Sources */ = {isa = PBXBuildFile; fileRef = 274E03DE21F747D600EB9C9D /* sampleTests.swift */; };
		274E03EA21F747D700EB9C9D /* sampleUITests.swift in Sources */ = {isa = PBXBuildFile; fileRef = 274E03E921F747D700EB9C9D /* sampleUITests.swift */; };
/* End PBXBuildFile section */

/* Begin PBXContainerItemProxy section */
		274E03DB21F747D600EB9C9D /* PBXContainerItemProxy */ = {
			isa = PBXContainerItemProxy;
			containerPortal = 274E03BE21F747CB00EB9C9D /* Project object */;
			proxyType = 1;
			remoteGlobalIDString = 274E03C521F747CB00EB9C9D;
			remoteInfo = sample;
		};
		274E03E621F747D700EB9C9D /* PBXContainerItemProxy */ = {
			isa = PBXContainerItemProxy;
			containerPortal = 274E03BE21F747CB00EB9C9D /* Project object */;
			proxyType = 1;
			remoteGlobalIDString = 274E03C521F747CB00EB9C9D;
			remoteInfo = sample;
		};
/* End PBXContainerItemProxy section */

/* Begin PBXFileReference section */
		274E03C621F747CB00EB9C9D /* sample.app */ = {isa = PBXFileReference; explicitFileType = wrapper.application; includeInIndex = 0; path = sample.app; sourceTree = BUILT_PRODUCTS_DIR; };
		274E03C921F747CB00EB9C9D /* AppDelegate.swift */ = {isa = PBXFileReference; lastKnownFileType = sourcecode.swift; path = AppDelegate.swift; sourceTree = "<group>"; };
		274E03CB21F747CB00EB9C9D /* ViewController.swift */ = {isa = PBXFileReference; lastKnownFileType = sourcecode.swift; path = ViewController.swift; sourceTree = "<group>"; };
		274E03CE21F747CB00EB9C9D /* Base */ = {isa = PBXFileReference; lastKnownFileType = file.storyboard; name = Base; path = Base.lproj/Main.storyboard; sourceTree = "<group>"; };
		274E03D021F747D600EB9C9D /* Assets.xcassets */ = {isa = PBXFileReference; lastKnownFileType = folder.assetcatalog; path = Assets.xcassets; sourceTree = "<group>"; };
		274E03D321F747D600EB9C9D /* Base */ = {isa = PBXFileReference; lastKnownFileType = file.storyboard; name = Base; path = Base.lproj/LaunchScreen.storyboard; sourceTree = "<group>"; };
		274E03D521F747D600EB9C9D /* Info.plist */ = {isa = PBXFileReference; lastKnownFileType = text.plist.xml; path = Info.plist; sourceTree = "<group>"; };
		274E03DA21F747D600EB9C9D /* sampleTests.xctest */ = {isa = PBXFileReference; explicitFileType = wrapper.cfbundle; includeInIndex = 0; path = sampleTests.xctest; sourceTree = BUILT_PRODUCTS_DIR; };
		274E03DE21F747D600EB9C9D /* sampleTests.swift */ = {isa = PBXFileReference; lastKnownFileType = sourcecode.swift; path = sampleTests.swift; sourceTree = "<group>"; };
		274E03E021F747D600EB9C9D /* Info.plist */ = {isa = PBXFileReference; lastKnownFileType = text.plist.xml; path = Info.plist; sourceTree = "<group>"; };
		274E03E521F747D700EB9C9D /* sampleUITests.xctest */ = {isa = PBXFileReference; explicitFileType = wrapper.cfbundle; includeInIndex = 0; path = sampleUITests.xctest; sourceTree = BUILT_PRODUCTS_DIR; };
		274E03E921F747D700EB9C9D /* sampleUITests.swift */ = {isa = PBXFileReference; lastKnownFileType = sourcecode.swift; path = sampleUITests.swift; sourceTree = "<group>"; };
		274E03EB21F747D700EB9C9D /* Info.plist */ = {isa = PBXFileReference; lastKnownFileType = text.plist.xml; path = Info.plist; sourceTree = "<group>"; };
/* End PBXFileReference section */

/* Begin PBXFrameworksBuildPhase section */
		274E03C321F747CB00EB9C9D /* Frameworks */ = {
			isa = PBXFrameworksBuildPhase;
			buildActionMask = 2147483647;
			files = (
			);
			runOnlyForDeploymentPostprocessing = 0;
		};
		274E03D721F747D600EB9C9D /* Frameworks */ = {
			isa = PBXFrameworksBuildPhase;
			buildActionMask = 2147483647;
			files = (
			);
			runOnlyForDeploymentPostprocessing = 0;
		};
		274E03E221F747D600EB9C9D /* Frameworks */ = {
			isa = PBXFrameworksBuildPhase;
			buildActionMask = 2147483647;
			files = (
			);
			runOnlyForDeploymentPostprocessing = 0;
		};
/* End PBXFrameworksBuildPhase section */

/* Begin PBXGroup section */
		274E03BD21F747CB00EB9C9D = {
			isa = PBXGroup;
			children = (
				274E03C821F747CB00EB9C9D /* sample */,
				274E03DD21F747D600EB9C9D /* sampleTests */,
				274E03E821F747D700EB9C9D /* sampleUITests */,
				274E03C721F747CB00EB9C9D /* Products */,
			);
			sourceTree = "<group>";
		};
		274E03C721F747CB00EB9C9D /* Products */ = {
			isa = PBXGroup;
			children = (
				274E03C621F747CB00EB9C9D /* sample.app */,
				274E03DA21F747D600EB9C9D /* sampleTests.xctest */,
				274E03E521F747D700EB9C9D /* sampleUITests.xctest */,
			);
			name = Products;
			sourceTree = "<group>";
		};
		274E03C821F747CB00EB9C9D /* sample */ = {
			isa = PBXGroup;
			children = (
				274E03C921F747CB00EB9C9D /* AppDelegate.swift */,
				274E03CB21F747CB00EB9C9D /* ViewController.swift */,
				274E03CD21F747CB00EB9C9D /* Main.storyboard */,
				274E03D021F747D600EB9C9D /* Assets.xcassets */,
				274E03D221F747D600EB9C9D /* LaunchScreen.storyboard */,
				274E03D521F747D600EB9C9D /* Info.plist */,
			);
			path = sample;
			sourceTree = "<group>";
		};
		274E03DD21F747D600EB9C9D /* sampleTests */ = {
			isa = PBXGroup;
			children = (
				274E03DE21F747D600EB9C9D /* sampleTests.swift */,
				274E03E021F747D600EB9C9D /* Info.plist */,
			);
			path = sampleTests;
			sourceTree = "<group>";
		};
		274E03E821F747D700EB9C9D /* sampleUITests */ = {
			isa = PBXGroup;
			children = (
				274E03E921F747D700EB9C9D /* sampleUITests.swift */,
				274E03EB21F747D700EB9C9D /* Info.plist */,
			);
			path = sampleUITests;
			sourceTree = "<group>";
		};
/* End PBXGroup section */

/* Begin PBXNativeTarget section */
		274E03C521F747CB00EB9C9D /* sample */ = {
			isa = PBXNativeTarget;
			buildConfigurationList = 274E03EE21F747D700EB9C9D /* Build configuration list for PBXNativeTarget "sample" */;
			buildPhases = (
				274E03C221F747CB00EB9C9D /* Sources */,
				274E03C321F747CB00EB9C9D /* Frameworks */,
				274E03C421F747CB00EB9C9D /* Resources */,
			);
			buildRules = (
			);
			dependencies = (
			);
			name = sample;
			productName = sample;
			productReference = 274E03C621F747CB00EB9C9D /* sample.app */;
			productType = "com.apple.product-type.application";
		};
		274E03D921F747D600EB9C9D /* sampleTests */ = {
			isa = PBXNativeTarget;
			buildConfigurationList = 274E03F121F747D700EB9C9D /* Build configuration list for PBXNativeTarget "sampleTests" */;
			buildPhases = (
				274E03D621F747D600EB9C9D /* Sources */,
				274E03D721F747D600EB9C9D /* Frameworks */,
				274E03D821F747D600EB9C9D /* Resources */,
			);
			buildRules = (
			);
			dependencies = (
				274E03DC21F747D600EB9C9D /* PBXTargetDependency */,
			);
			name = sampleTests;
			productName = sampleTests;
			productReference = 274E03DA21F747D600EB9C9D /* sampleTests.xctest */;
			productType = "com.apple.product-type.bundle.unit-test";
		};
		274E03E421F747D600EB9C9D /* sampleUITests */ = {
			isa = PBXNativeTarget;
			buildConfigurationList = 274E03F421F747D700EB9C9D /* Build configuration list for PBXNativeTarget "sampleUITests" */;
			buildPhases = (
				274E03E121F747D600EB9C9D /* Sources */,
				274E03E221F747D600EB9C9D /* Frameworks */,
				274E03E321F747D600EB9C9D /* Resources */,
			);
			buildRules = (
			);
			dependencies = (
				274E03E721F747D700EB9C9D /* PBXTargetDependency */,
			);
			name = sampleUITests;
			productName = sampleUITests;
			productReference = 274E03E521F747D700EB9C9D /* sampleUITests.xctest */;
			productType = "com.apple.product-type.bundle.ui-testing";
		};
/* End PBXNativeTarget section */

/* Begin PBXProject section */
		274E03BE21F747CB00EB9C9D /* Project object */ = {
			isa = PBXProject;
			attributes = {
				LastSwiftUpdateCheck = 1010;
				LastUpgradeCheck = 1010;
				ORGANIZATIONNAME = "Prince S";
				TargetAttributes = {
					274E03C521F747CB00EB9C9D = {
						CreatedOnToolsVersion = 10.1;
					};
					274E03D921F747D600EB9C9D = {
						CreatedOnToolsVersion = 10.1;
						TestTargetID = 274E03C521F747CB00EB9C9D;
					};
					274E03E421F747D600EB9C9D = {
						CreatedOnToolsVersion = 10.1;
						TestTargetID = 274E03C521F747CB00EB9C9D;
					};
				};
			};
			buildConfigurationList = 274E03C121F747CB00EB9C9D /* Build configuration list for PBXProject "sample" */;
			compatibilityVersion = "Xcode 9.3";
			developmentRegion = en;
			hasScannedForEncodings = 0;
			knownRegions = (
				en,
				Base,
			);
			mainGroup = 274E03BD21F747CB00EB9C9D;
			productRefGroup = 274E03C721F747CB00EB9C9D /* Products */;
			projectDirPath = "";
			projectRoot = "";
			targets = (
				274E03C521F747CB00EB9C9D /* sample */,
				274E03D921F747D600EB9C9D /* sampleTests */,
				274E03E421F747D600EB9C9D /* sampleUITests */,
			);
		};
/* End PBXProject section */

/* Begin PBXResourcesBuildPhase section */
		274E03C421F747CB00EB9C9D /* Resources */ = {
			isa = PBXResourcesBuildPhase;
			buildActionMask = 2147483647;
			files = (
				274E03D421F747D600EB9C9D /* LaunchScreen.storyboard in Resources */,
				274E03D121F747D600EB9C9D /* Assets.xcassets in Resources */,
				274E03CF21F747CB00EB9C9D /* Main.storyboard in Resources */,
			);
			runOnlyForDeploymentPostprocessing = 0;
		};
		274E03D821F747D600EB9C9D /* Resources */ = {
			isa = PBXResourcesBuildPhase;
			buildActionMask = 2147483647;
			files = (
			);
			runOnlyForDeploymentPostprocessing = 0;
		};
		274E03E321F747D600EB9C9D /* Resources */ = {
			isa = PBXResourcesBuildPhase;
			buildActionMask = 2147483647;
			files = (
			);
			runOnlyForDeploymentPostprocessing = 0;
		};
/* End PBXResourcesBuildPhase section */

/* Begin PBXSourcesBuildPhase section */
		274E03C221F747CB00EB9C9D /* Sources */ = {
			isa = PBXSourcesBuildPhase;
			buildActionMask = 2147483647;
			files = (
				274E03CC21F747CB00EB9C9D /* ViewController.swift in Sources */,
				274E03CA21F747CB00EB9C9D /* AppDelegate.swift in Sources */,
			);
			runOnlyForDeploymentPostprocessing = 0;
		};
		274E03D621F747D600EB9C9D /* Sources */ = {
			isa = PBXSourcesBuildPhase;
			buildActionMask = 2147483647;
			files = (
				274E03DF21F747D600EB9C9D /* sampleTests.swift in Sources */,
			);
			runOnlyForDeploymentPostprocessing = 0;
		};
		274E03E121F747D600EB9C9D /* Sources */ = {
			isa = PBXSourcesBuildPhase;
			buildActionMask = 2147483647;
			files = (
				274E03EA21F747D700EB9C9D /* sampleUITests.swift in Sources */,
			);
			runOnlyForDeploymentPostprocessing = 0;
		};
/* End PBXSourcesBuildPhase section */

/* Begin PBXTargetDependency section */
		274E03DC21F747D600EB9C9D /* PBXTargetDependency */ = {
			isa = PBXTargetDependency;
			target = 274E03C521F747CB00EB9C9D /* sample */;
			targetProxy = 274E03DB21F747D600EB9C9D /* PBXContainerItemProxy */;
		};
		274E03E721F747D700EB9C9D /* PBXTargetDependency */ = {
			isa = PBXTargetDependency;
			target = 274E03C521F747CB00EB9C9D /* sample */;
			targetProxy = 274E03E621F747D700EB9C9D /* PBXContainerItemProxy */;
		};
/* End PBXTargetDependency section */

/* Begin PBXVariantGroup section */
		274E03CD21F747CB00EB9C9D /* Main.storyboard */ = {
			isa = PBXVariantGroup;
			children = (
				274E03CE21F747CB00EB9C9D /* Base */,
			);
			name = Main.storyboard;
			sourceTree = "<group>";
		};
		274E03D221F747D600EB9C9D /* LaunchScreen.storyboard */ = {
			isa = PBXVariantGroup;
			children = (
				274E03D321F747D600EB9C9D /* Base */,
			);
			name = LaunchScreen.storyboard;
			sourceTree = "<group>";
		};
/* End PBXVariantGroup section */

/* Begin XCBuildConfiguration section */
		274E03EC21F747D700EB9C9D /* Debug */ = {
			isa = XCBuildConfiguration;
			buildSettings = {
				ALWAYS_SEARCH_USER_PATHS = NO;
				CLANG_ANALYZER_NONNULL = YES;
				CLANG_ANALYZER_NUMBER_OBJECT_CONVERSION = YES_AGGRESSIVE;
				CLANG_CXX_LANGUAGE_STANDARD = "gnu++14";
				CLANG_CXX_LIBRARY = "libc++";
				CLANG_ENABLE_MODULES = YES;
				CLANG_ENABLE_OBJC_ARC = YES;
				CLANG_ENABLE_OBJC_WEAK = YES;
				CLANG_WARN_BLOCK_CAPTURE_AUTORELEASING = YES;
				CLANG_WARN_BOOL_CONVERSION = YES;
				CLANG_WARN_COMMA = YES;
				CLANG_WARN_CONSTANT_CONVERSION = YES;
				CLANG_WARN_DEPRECATED_OBJC_IMPLEMENTATIONS = YES;
				CLANG_WARN_DIRECT_OBJC_ISA_USAGE = YES_ERROR;
				CLANG_WARN_DOCUMENTATION_COMMENTS = YES;
				CLANG_WARN_EMPTY_BODY = YES;
				CLANG_WARN_ENUM_CONVERSION = YES;
				CLANG_WARN_INFINITE_RECURSION = YES;
				CLANG_WARN_INT_CONVERSION = YES;
				CLANG_WARN_NON_LITERAL_NULL_CONVERSION = YES;
				CLANG_WARN_OBJC_IMPLICIT_RETAIN_SELF = YES;
				CLANG_WARN_OBJC_LITERAL_CONVERSION = YES;
				CLANG_WARN_OBJC_ROOT_CLASS = YES_ERROR;
				CLANG_WARN_RANGE_LOOP_ANALYSIS = YES;
				CLANG_WARN_STRICT_PROTOTYPES = YES;
				CLANG_WARN_SUSPICIOUS_MOVE = YES;
				CLANG_WARN_UNGUARDED_AVAILABILITY = YES_AGGRESSIVE;
				CLANG_WARN_UNREACHABLE_CODE = YES;
				CLANG_WARN__DUPLICATE_METHOD_MATCH = YES;
				CODE_SIGN_IDENTITY = "iPhone Developer";
				COPY_PHASE_STRIP = NO;
				DEBUG_INFORMATION_FORMAT = dwarf;
				ENABLE_STRICT_OBJC_MSGSEND = YES;
				ENABLE_TESTABILITY = YES;
				GCC_C_LANGUAGE_STANDARD = gnu11;
				GCC_DYNAMIC_NO_PIC = NO;
				GCC_NO_COMMON_BLOCKS = YES;
				GCC_OPTIMIZATION_LEVEL = 0;
				GCC_PREPROCESSOR_DEFINITIONS = (
					"DEBUG=1",
					"$(inherited)",
				);
				GCC_WARN_64_TO_32_BIT_CONVERSION = YES;
				GCC_WARN_ABOUT_RETURN_TYPE = YES_ERROR;
				GCC_WARN_UNDECLARED_SELECTOR = YES;
				GCC_WARN_UNINITIALIZED_AUTOS = YES_AGGRESSIVE;
				GCC_WARN_UNUSED_FUNCTION = YES;
				GCC_WARN_UNUSED_VARIABLE = YES;
				IPHONEOS_DEPLOYMENT_TARGET = 12.1;
				MTL_ENABLE_DEBUG_INFO = INCLUDE_SOURCE;
				MTL_FAST_MATH = YES;
				ONLY_ACTIVE_ARCH = YES;
				SDKROOT = iphoneos;
				SWIFT_ACTIVE_COMPILATION_CONDITIONS = DEBUG;
				SWIFT_OPTIMIZATION_LEVEL = "-Onone";
			};
			name = Debug;
		};
		274E03ED21F747D700EB9C9D /* Release */ = {
			isa = XCBuildConfiguration;
			buildSettings = {
				ALWAYS_SEARCH_USER_PATHS = NO;
				CLANG_ANALYZER_NONNULL = YES;
				CLANG_ANALYZER_NUMBER_OBJECT_CONVERSION = YES_AGGRESSIVE;
				CLANG_CXX_LANGUAGE_STANDARD = "gnu++14";
				CLANG_CXX_LIBRARY = "libc++";
				CLANG_ENABLE_MODULES = YES;
				CLANG_ENABLE_OBJC_ARC = YES;
				CLANG_ENABLE_OBJC_WEAK = YES;
				CLANG_WARN_BLOCK_CAPTURE_AUTORELEASING = YES;
				CLANG_WARN_BOOL_CONVERSION = YES;
				CLANG_WARN_COMMA = YES;
				CLANG_WARN_CONSTANT_CONVERSION = YES;
				CLANG_WARN_DEPRECATED_OBJC_IMPLEMENTATIONS = YES;
				CLANG_WARN_DIRECT_OBJC_ISA_USAGE = YES_ERROR;
				CLANG_WARN_DOCUMENTATION_COMMENTS = YES;
				CLANG_WARN_EMPTY_BODY = YES;
				CLANG_WARN_ENUM_CONVERSION = YES;
				CLANG_WARN_INFINITE_RECURSION = YES;
				CLANG_WARN_INT_CONVERSION = YES;
				CLANG_WARN_NON_LITERAL_NULL_CONVERSION = YES;
				CLANG_WARN_OBJC_IMPLICIT_RETAIN_SELF = YES;
				CLANG_WARN_OBJC_LITERAL_CONVERSION = YES;
				CLANG_WARN_OBJC_ROOT_CLASS = YES_ERROR;
				CLANG_WARN_RANGE_LOOP_ANALYSIS = YES;
				CLANG_WARN_STRICT_PROTOTYPES = YES;
				CLANG_WARN_SUSPICIOUS_MOVE = YES;
				CLANG_WARN_UNGUARDED_AVAILABILITY = YES_AGGRESSIVE;
				CLANG_WARN_UNREACHABLE_CODE = YES;
				CLANG_WARN__DUPLICATE_METHOD_MATCH = YES;
				CODE_SIGN_IDENTITY = "iPhone Developer";
				COPY_PHASE_STRIP = NO;
				DEBUG_INFORMATION_FORMAT = "dwarf-with-dsym";
				ENABLE_NS_ASSERTIONS = NO;
				ENABLE_STRICT_OBJC_MSGSEND = YES;
				GCC_C_LANGUAGE_STANDARD = gnu11;
				GCC_NO_COMMON_BLOCKS = YES;
				GCC_WARN_64_TO_32_BIT_CONVERSION = YES;
				GCC_WARN_ABOUT_RETURN_TYPE = YES_ERROR;
				GCC_WARN_UNDECLARED_SELECTOR = YES;
				GCC_WARN_UNINITIALIZED_AUTOS = YES_AGGRESSIVE;
				GCC_WARN_UNUSED_FUNCTION = YES;
				GCC_WARN_UNUSED_VARIABLE = YES;
				IPHONEOS_DEPLOYMENT_TARGET = 12.1;
				MTL_ENABLE_DEBUG_INFO = NO;
				MTL_FAST_MATH = YES;
				SDKROOT = iphoneos;
				SWIFT_COMPILATION_MODE = wholemodule;
				SWIFT_OPTIMIZATION_LEVEL = "-O";
				VALIDATE_PRODUCT = YES;
			};
			name = Release;
		};
		274E03EF21F747D700EB9C9D /* Debug */ = {
			isa = XCBuildConfiguration;
			buildSettings = {
				ASSETCATALOG_COMPILER_APPICON_NAME = AppIcon;
				CODE_SIGN_STYLE = Automatic;
				DEVELOPMENT_TEAM = 2RCG4EY97K;
				INFOPLIST_FILE = sample/Info.plist;
				LD_RUNPATH_SEARCH_PATHS = (
					"$(inherited)",
					"@executable_path/Frameworks",
				);
				PRODUCT_BUNDLE_IDENTIFIER = "Market-Simplified.sample";
				PRODUCT_NAME = "$(TARGET_NAME)";
				SWIFT_VERSION = 4.2;
				TARGETED_DEVICE_FAMILY = "1,2";
			};
			name = Debug;
		};
		274E03F021F747D700EB9C9D /* Release */ = {
			isa = XCBuildConfiguration;
			buildSettings = {
				ASSETCATALOG_COMPILER_APPICON_NAME = AppIcon;
				CODE_SIGN_STYLE = Automatic;
				DEVELOPMENT_TEAM = 2RCG4EY97K;
				INFOPLIST_FILE = sample/Info.plist;
				LD_RUNPATH_SEARCH_PATHS = (
					"$(inherited)",
					"@executable_path/Frameworks",
				);
				PRODUCT_BUNDLE_IDENTIFIER = "Market-Simplified.sample";
				PRODUCT_NAME = "$(TARGET_NAME)";
				SWIFT_VERSION = 4.2;
				TARGETED_DEVICE_FAMILY = "1,2";
			};
			name = Release;
		};
		274E03F221F747D700EB9C9D /* Debug */ = {
			isa = XCBuildConfiguration;
			buildSettings = {
				ALWAYS_EMBED_SWIFT_STANDARD_LIBRARIES = YES;
				BUNDLE_LOADER = "$(TEST_HOST)";
				CODE_SIGN_STYLE = Automatic;
				DEVELOPMENT_TEAM = 2RCG4EY97K;
				INFOPLIST_FILE = sampleTests/Info.plist;
				LD_RUNPATH_SEARCH_PATHS = (
					"$(inherited)",
					"@executable_path/Frameworks",
					"@loader_path/Frameworks",
				);
				PRODUCT_BUNDLE_IDENTIFIER = "Market-Simplified.sampleTests";
				PRODUCT_NAME = "$(TARGET_NAME)";
				SWIFT_VERSION = 4.2;
				TARGETED_DEVICE_FAMILY = "1,2";
				TEST_HOST = "$(BUILT_PRODUCTS_DIR)/sample.app/sample";
			};
			name = Debug;
		};
		274E03F321F747D700EB9C9D /* Release */ = {
			isa = XCBuildConfiguration;
			buildSettings = {
				ALWAYS_EMBED_SWIFT_STANDARD_LIBRARIES = YES;
				BUNDLE_LOADER = "$(TEST_HOST)";
				CODE_SIGN_STYLE = Automatic;
				DEVELOPMENT_TEAM = 2RCG4EY97K;
				INFOPLIST_FILE = sampleTests/Info.plist;
				LD_RUNPATH_SEARCH_PATHS = (
					"$(inherited)",
					"@executable_path/Frameworks",
					"@loader_path/Frameworks",
				);
				PRODUCT_BUNDLE_IDENTIFIER = "Market-Simplified.sampleTests";
				PRODUCT_NAME = "$(TARGET_NAME)";
				SWIFT_VERSION = 4.2;
				TARGETED_DEVICE_FAMILY = "1,2";
				TEST_HOST = "$(BUILT_PRODUCTS_DIR)/sample.app/sample";
			};
			name = Release;
		};
		274E03F521F747D700EB9C9D /* Debug */ = {
			isa = XCBuildConfiguration;
			buildSettings = {
				ALWAYS_EMBED_SWIFT_STANDARD_LIBRARIES = YES;
				CODE_SIGN_STYLE = Automatic;
				DEVELOPMENT_TEAM = 2RCG4EY97K;
				INFOPLIST_FILE = sampleUITests/Info.plist;
				LD_RUNPATH_SEARCH_PATHS = (
					"$(inherited)",
					"@executable_path/Frameworks",
					"@loader_path/Frameworks",
				);
				PRODUCT_BUNDLE_IDENTIFIER = "Market-Simplified.sampleUITests";
				PRODUCT_NAME = "$(TARGET_NAME)";
				SWIFT_VERSION = 4.2;
				TARGETED_DEVICE_FAMILY = "1,2";
				TEST_TARGET_NAME = sample;
			};
			name = Debug;
		};
		274E03F621F747D700EB9C9D /* Release */ = {
			isa = XCBuildConfiguration;
			buildSettings = {
				ALWAYS_EMBED_SWIFT_STANDARD_LIBRARIES = YES;
				CODE_SIGN_STYLE = Automatic;
				DEVELOPMENT_TEAM = 2RCG4EY97K;
				INFOPLIST_FILE = sampleUITests/Info.plist;
				LD_RUNPATH_SEARCH_PATHS = (
					"$(inherited)",
					"@executable_path/Frameworks",
					"@loader_path/Frameworks",
				);
				PRODUCT_BUNDLE_IDENTIFIER = "Market-Simplified.sampleUITests";
				PRODUCT_NAME = "$(TARGET_NAME)";
				SWIFT_VERSION = 4.2;
				TARGETED_DEVICE_FAMILY = "1,2";
				TEST_TARGET_NAME = sample;
			};
			name = Release;
		};
/* End XCBuildConfiguration section */

/* Begin XCConfigurationList section */
		274E03C121F747CB00EB9C9D /* Build configuration list for PBXProject "sample" */ = {
			isa = XCConfigurationList;
			buildConfigurations = (
				274E03EC21F747D700EB9C9D /* Debug */,
				274E03ED21F747D700EB9C9D /* Release */,
			);
			defaultConfigurationIsVisible = 0;
			defaultConfigurationName = Release;
		};
		274E03EE21F747D700EB9C9D /* Build configuration list for PBXNativeTarget "sample" */ = {
			isa = XCConfigurationList;
			buildConfigurations = (
				274E03EF21F747D700EB9C9D /* Debug */,
				274E03F021F747D700EB9C9D /* Release */,
			);
			defaultConfigurationIsVisible = 0;
			defaultConfigurationName = Release;
		};
		274E03F121F747D700EB9C9D /* Build configuration list for PBXNativeTarget "sampleTests" */ = {
			isa = XCConfigurationList;
			buildConfigurations = (
				274E03F221F747D700EB9C9D /* Debug */,
				274E03F321F747D700EB9C9D /* Release */,
			);
			defaultConfigurationIsVisible = 0;
			defaultConfigurationName = Release;
		};
		274E03F421F747D700EB9C9D /* Build configuration list for PBXNativeTarget "sampleUITests" */ = {
			isa = XCConfigurationList;
			buildConfigurations = (
				274E03F521F747D700EB9C9D /* Debug */,
				274E03F621F747D700EB9C9D /* Release */,
			);
			defaultConfigurationIsVisible = 0;
			defaultConfigurationName = Release;
		};
/* End XCConfigurationList section */
	};
	rootObject = 274E03BE21F747CB00EB9C9D /* Project object */;
}
